{
  "name": "pi-cohort-mux",
  "version": "0.0.0",
  "lockfileVersion": 3,
  "requires": true,
  "packages": {
    "": {
      "name": "pi-cohort-mux",
      "version": "0.0.0",
      "license": "MIT",
      "dependencies": {
        "pi-cohort": "github:nertzy/pi-cohort#84eb447af4ee2c2c1fbda97ca6e14ee1aa35d5a9"
      },
      "devDependencies": {
        "jiti": "^2.7.0"
      },
      "engines": {
        "node": ">=20"
      }
    },
    "node_modules/jiti": {
      "version": "2.7.0",
      "resolved": "https://registry.npmjs.org/jiti/-/jiti-2.7.0.tgz",
      "integrity": "sha512-AC/7JofJvZGrrneWNaEnJeOLUx+JlGt7tNa0wZiRPT4MY1wmfKjt2+6O2p2uz2+skll8OZZmJMNqeke7kKbNgQ==",
      "license": "MIT",
      "bin": {
        "jiti": "lib/jiti-cli.mjs"
      }
    },
    "node_modules/pi-cohort": {
      "version": "6.0.1",
      "resolved": "git+ssh://git@github.com/nertzy/pi-cohort.git#84eb447af4ee2c2c1fbda97ca6e14ee1aa35d5a9",
      "integrity": "sha512-wcZup0IfnWwRygezOy6F8NWGFRV/LE24z6tXI2G2nDsk95DqZ6cHxZ2NKDfvEjAYWnJlyuX05+pTu4m2w8CKZw==",
      "license": "MIT",
      "dependencies": {
        "jiti": "^2.7.0",
        "typebox": "^1.3.11"
      },
      "engines": {
        "node": ">=20"
      },
      "funding": {
        "type": "buymeacoffee",
        "url": "https://buymeacoffee.com/jjurasszek"
      },
      "peerDependencies": {
        "@earendil-works/pi-agent-core": "*",
        "@earendil-works/pi-ai": "*",
        "@earendil-works/pi-coding-agent": ">=0.85.0",
        "@earendil-works/pi-tui": "*"
      },
      "peerDependenciesMeta": {
        "@earendil-works/pi-agent-core": {
          "optional": true
        },
        "@earendil-works/pi-ai": {
          "optional": true
        },
        "@earendil-works/pi-coding-agent": {
          "optional": true
        },
        "@earendil-works/pi-tui": {
          "optional": true
        }
      }
    },
    "node_modules/typebox": {
      "version": "1.3.30",
      "resolved": "https://registry.npmjs.org/typebox/-/typebox-1.3.30.tgz",
      "integrity": "sha512-vRmBLzlaq9O9dvfGmI5CssLGvDC/R594kH6N/Q1uUU5VPO3PTgQMlWe/UVNdNVTr2EET+FX8BWZkFdYgxTglbQ==",
      "license": "MIT"
    }
  }
}
